# This file is autogenerated, do not edit; changes may be undone by the next 'dep ensure'.


[[projects]]
  name = "cloud.google.com/go"
  packages = ["compute/metadata"]
  revision = "767c40d6a2e058483c25fa193e963a22da17236d"
  version = "v0.18.0"

[[projects]]
  name = "github.com/aws/aws-sdk-go"
  packages = [
    "aws",
    "aws/awserr",
    "aws/awsutil",
    "aws/client",
    "aws/client/metadata",
    "aws/corehandlers",
    "aws/credentials",
    "aws/credentials/ec2rolecreds",
    "aws/credentials/endpointcreds",
    "aws/credentials/stscreds",
    "aws/defaults",
    "aws/ec2metadata",
    "aws/endpoints",
    "aws/request",
    "aws/session",
    "aws/signer/v4",
    "internal/shareddefaults",
    "private/protocol",
    "private/protocol/ec2query",
    "private/protocol/query",
    "private/protocol/query/queryutil",
    "private/protocol/rest",
    "private/protocol/restxml",
    "private/protocol/xml/xmlutil",
    "service/ec2",
    "service/s3",
    "service/sts"
  ]
  revision = "1b176c5c6b57adb03bb982c21930e708ebca5a77"
  version = "v1.12.70"

[[projects]]
  name = "github.com/coreos/etcd"
  packages = [
    "auth/authpb",
    "client",
    "clientv3",
    "etcdserver/api/v3rpc/rpctypes",
    "etcdserver/etcdserverpb",
    "mvcc/mvccpb",
    "pkg/pathutil",
    "pkg/srv",
    "pkg/types",
    "version"
  ]
  revision = "b19dae00651b890498bcca38ac2cc3cad471281e"
  version = "v3.2.12"

[[projects]]
  name = "github.com/coreos/go-semver"
  packages = ["semver"]
  revision = "8ab6407b697782a06568d4b7f1db25550ec2e4c6"
  version = "v0.2.0"

[[projects]]
  branch = "master"
  name = "github.com/denverdino/aliyungo"
  packages = [
    "common",
    "oss",
    "util"
  ]
  revision = "ed76a3738861ab34fc2964fa33fe27b78a26d3ae"

[[projects]]
  name = "github.com/go-ini/ini"
  packages = ["."]
  revision = "32e4c1e6bc4e7d0d8451aa6b75200d19e37a536a"
  version = "v1.32.0"

[[projects]]
  branch = "master"
  name = "github.com/golang/glog"
  packages = ["."]
  revision = "23def4e6c14b4da8ac2ed8007337bc5eb5007998"

[[projects]]
  name = "github.com/golang/protobuf"
  packages = [
    "jsonpb",
    "proto",
    "protoc-gen-go/descriptor",
    "ptypes",
    "ptypes/any",
    "ptypes/duration",
    "ptypes/struct",
    "ptypes/timestamp"
  ]
  revision = "925541529c1fa6821df4e44ce2723319eb2be768"

[[projects]]
  branch = "master"
  name = "github.com/gophercloud/gophercloud"
  packages = [
    ".",
    "openstack",
    "openstack/identity/v2/tenants",
    "openstack/identity/v2/tokens",
    "openstack/identity/v3/tokens",
    "openstack/objectstorage/v1/accounts",
    "openstack/objectstorage/v1/containers",
    "openstack/objectstorage/v1/objects",
    "openstack/utils",
    "pagination"
  ]
  revision = "4a3f5ae58624b68283375060dad06a214b05a32b"

[[projects]]
  name = "github.com/jmespath/go-jmespath"
  packages = ["."]
  revision = "0b12d6b5"

[[projects]]
  branch = "master"
  name = "github.com/kr/fs"
  packages = ["."]
  revision = "2788f0dbd16903de03cb8186e5c7d97b69ad387b"

[[projects]]
  name = "github.com/pkg/errors"
  packages = ["."]
  revision = "645ef00459ed84a119197bfb8d8205042c6df63d"
  version = "v0.8.0"

[[projects]]
  name = "github.com/pkg/sftp"
  packages = ["."]
  revision = "738e088bbd93f7080e538c2a1ca50fadfc5183c0"
  version = "1.3.0"

[[projects]]
  name = "github.com/ugorji/go"
  packages = ["codec"]
  revision = "ded73eae5db7e7a0ef6f55aace87a2873c5d2b74"

[[projects]]
  branch = "master"
  name = "golang.org/x/crypto"
  packages = [
    "curve25519",
    "ed25519",
    "ed25519/internal/edwards25519",
    "internal/chacha20",
    "poly1305",
    "ssh"
  ]
  revision = "1875d0a70c90e57f11972aefd42276df65e895b9"

[[projects]]
  name = "golang.org/x/net"
  packages = [
    "context",
    "context/ctxhttp",
    "http2",
    "http2/hpack",
    "idna",
    "internal/timeseries",
    "lex/httplex",
    "trace"
  ]
  revision = "136a25c244d3019482a795d728110278d6ba09a4"

[[projects]]
  branch = "master"
  name = "golang.org/x/oauth2"
  packages = [
    ".",
    "google",
    "internal",
    "jws",
    "jwt"
  ]
  revision = "a032972e28060ca4f5644acffae3dfc268cc09db"

[[projects]]
  branch = "master"
  name = "golang.org/x/sys"
  packages = ["unix"]
  revision = "cbbc999da32df943dac6cd71eb3ee39e1d7838b9"

[[projects]]
  branch = "master"
  name = "golang.org/x/text"
  packages = [
    "collate",
    "collate/build",
    "internal/colltab",
    "internal/gen",
    "internal/tag",
    "internal/triegen",
    "internal/ucd",
    "language",
    "secure/bidirule",
    "transform",
    "unicode/bidi",
    "unicode/cldr",
    "unicode/norm",
    "unicode/rangetable"
  ]
  revision = "88f656faf3f37f690df1a32515b479415e1a6769"

[[projects]]
  branch = "master"
  name = "google.golang.org/api"
  packages = [
    "gensupport",
    "googleapi",
    "googleapi/internal/uritemplates",
    "storage/v1"
  ]
  revision = "725ebdd8d55504ed411febb9bdfa3194d1fa2e96"

[[projects]]
  name = "google.golang.org/appengine"
  packages = [
    ".",
    "internal",
    "internal/app_identity",
    "internal/base",
    "internal/datastore",
    "internal/log",
    "internal/modules",
    "internal/remote_api",
    "internal/urlfetch",
    "urlfetch"
  ]
  revision = "150dc57a1b433e64154302bdc40b6bb8aefa313a"
  version = "v1.0.0"

[[projects]]
  branch = "master"
  name = "google.golang.org/genproto"
  packages = [
    "googleapis/api/annotations",
    "googleapis/rpc/status"
  ]
  revision = "11c7f9e547da6db876260ce49ea7536985904c9b"

[[projects]]
  name = "google.golang.org/grpc"
  packages = [
    ".",
    "balancer",
    "balancer/base",
    "balancer/roundrobin",
    "codes",
    "connectivity",
    "credentials",
    "encoding",
    "encoding/proto",
    "grpclb/grpc_lb_v1/messages",
    "grpclog",
    "health/grpc_health_v1",
    "internal",
    "keepalive",
    "metadata",
    "naming",
    "peer",
    "resolver",
    "resolver/dns",
    "resolver/passthrough",
    "stats",
    "status",
    "tap",
    "transport"
  ]
  revision = "8e4536a86ab602859c20df5ebfd0bd4228d08655"

[[projects]]
  name = "gopkg.in/yaml.v2"
  packages = ["."]
  revision = "5420a8b6744d3b0345ab293f6fcba19c978f1183"
  version = "v2.2.1"

[[projects]]
  branch = "master"
  name = "k8s.io/apimachinery"
  packages = [
    "pkg/util/runtime",
    "pkg/util/sets",
    "pkg/util/wait"
  ]
  revision = "91d8586aac31d9086939d077ba556d2c7fb157b4"

[[projects]]
  name = "k8s.io/kops"
  packages = [
    "util/pkg/hashing",
    "util/pkg/vfs"
  ]
  revision = "cccd71e67e681754759c5cf7f66850d8908613b6"

[[projects]]
  name = "k8s.io/kubernetes"
  packages = [
    "pkg/util/io",
    "pkg/util/mount",
    "pkg/util/nsenter"
  ]
  revision = "81753b10df112992bf51bbc2c2f85208aad78335"
  version = "v1.10.2"

[[projects]]
  branch = "master"
  name = "k8s.io/utils"
  packages = ["exec"]
  revision = "258e2a2fa64568210fbd6267cf1d8fd87c3cb86e"

[solve-meta]
  analyzer-name = "dep"
  analyzer-version = 1
  inputs-digest = "d585677d8738ed47efb1ba5ea936f924dc31de67be88ae2df60017c38f2ace0d"
  solver-name = "gps-cdcl"
  solver-version = 1
